
Microsoft Visual Studio Solution File, Format Version 12.00
# Visual Studio Version 17
VisualStudioVersion = 17.4.33205.214
MinimumVisualStudioVersion = 10.0.40219.1
Project("{9A19103F-16F7-4668-BE54-9A1E7A4F7556}") = "Ejercicio numero 1", "Ejercicio numero 1\Ejercicio numero 1.csproj", "{79BA3A63-68A2-4137-921E-E05AE10912B0}"
EndProject
Project("{9A19103F-16F7-4668-BE54-9A1E7A4F7556}") = "Ejercicio numero_2", "Ejercicio numero_2\Ejercicio numero_2.csproj", "{02579A7C-A80F-4FFB-953B-4F58AE98BADA}"
EndProject
Project("{9A19103F-16F7-4668-BE54-9A1E7A4F7556}") = "Ejercicio numero_3", "Ejercicio numero_3\Ejercicio numero_3.csproj", "{5C306AC0-3F0A-4988-BC53-589F540F1CAC}"
EndProject
Project("{FAE04EC0-301F-11D3-BF4B-00C04F79EFBC}") = "Ejercicio numero_4", "Ejercicio numero 4\Ejercicio numero_4.csproj", "{7937E976-EFE5-4A6C-B73E-7CF30C4D122C}"
EndProject
Project("{FAE04EC0-301F-11D3-BF4B-00C04F79EFBC}") = "Ejercicio_numero_5_Subprogramas", "Ejercicio_numero_5_Subprogramas\Ejercicio_numero_5_Subprogramas.csproj", "{DAED8C24-A1D3-4D5C-A150-EE14AD4CAA06}"
EndProject
Project("{FAE04EC0-301F-11D3-BF4B-00C04F79EFBC}") = "Ejercicio_numero_6_POO", "Ejercicio_numero_6_POO\Ejercicio_numero_6_POO.csproj", "{52904BF2-9159-4672-BFF3-BF95DBC0BCAC}"
EndProject
Project("{FAE04EC0-301F-11D3-BF4B-00C04F79EFBC}") = "Ejercicio_numero_7_POO", "Ejercicio_numero_7_POO\Ejercicio_numero_7_POO.csproj", "{DD47D443-972F-43FE-BC6E-54EA60167C3F}"
EndProject
Global
	GlobalSection(SolutionConfigurationPlatforms) = preSolution
		Debug|Any CPU = Debug|Any CPU
		Release|Any CPU = Release|Any CPU
	EndGlobalSection
	GlobalSection(ProjectConfigurationPlatforms) = postSolution
		{79BA3A63-68A2-4137-921E-E05AE10912B0}.Debug|Any CPU.ActiveCfg = Debug|Any CPU
		{79BA3A63-68A2-4137-921E-E05AE10912B0}.Debug|Any CPU.Build.0 = Debug|Any CPU
		{79BA3A63-68A2-4137-921E-E05AE10912B0}.Release|Any CPU.ActiveCfg = Release|Any CPU
		{79BA3A63-68A2-4137-921E-E05AE10912B0}.Release|Any CPU.Build.0 = Release|Any CPU
		{02579A7C-A80F-4FFB-953B-4F58AE98BADA}.Debug|Any CPU.ActiveCfg = Debug|Any CPU
		{02579A7C-A80F-4FFB-953B-4F58AE98BADA}.Debug|Any CPU.Build.0 = Debug|Any CPU
		{02579A7C-A80F-4FFB-953B-4F58AE98BADA}.Release|Any CPU.ActiveCfg = Release|Any CPU
		{02579A7C-A80F-4FFB-953B-4F58AE98BADA}.Release|Any CPU.Build.0 = Release|Any CPU
		{5C306AC0-3F0A-4988-BC53-589F540F1CAC}.Debug|Any CPU.ActiveCfg = Debug|Any CPU
		{5C306AC0-3F0A-4988-BC53-589F540F1CAC}.Debug|Any CPU.Build.0 = Debug|Any CPU
		{5C306AC0-3F0A-4988-BC53-589F540F1CAC}.Release|Any CPU.ActiveCfg = Release|Any CPU
		{5C306AC0-3F0A-4988-BC53-589F540F1CAC}.Release|Any CPU.Build.0 = Release|Any CPU
		{7937E976-EFE5-4A6C-B73E-7CF30C4D122C}.Debug|Any CPU.ActiveCfg = Debug|Any CPU
		{7937E976-EFE5-4A6C-B73E-7CF30C4D122C}.Debug|Any CPU.Build.0 = Debug|Any CPU
		{7937E976-EFE5-4A6C-B73E-7CF30C4D122C}.Release|Any CPU.ActiveCfg = Release|Any CPU
		{7937E976-EFE5-4A6C-B73E-7CF30C4D122C}.Release|Any CPU.Build.0 = Release|Any CPU
		{DAED8C24-A1D3-4D5C-A150-EE14AD4CAA06}.Debug|Any CPU.ActiveCfg = Debug|Any CPU
		{DAED8C24-A1D3-4D5C-A150-EE14AD4CAA06}.Debug|Any CPU.Build.0 = Debug|Any CPU
		{DAED8C24-A1D3-4D5C-A150-EE14AD4CAA06}.Release|Any CPU.ActiveCfg = Release|Any CPU
		{DAED8C24-A1D3-4D5C-A150-EE14AD4CAA06}.Release|Any CPU.Build.0 = Release|Any CPU
		{52904BF2-9159-4672-BFF3-BF95DBC0BCAC}.Debug|Any CPU.ActiveCfg = Debug|Any CPU
		{52904BF2-9159-4672-BFF3-BF95DBC0BCAC}.Debug|Any CPU.Build.0 = Debug|Any CPU
		{52904BF2-9159-4672-BFF3-BF95DBC0BCAC}.Release|Any CPU.ActiveCfg = Release|Any CPU
		{52904BF2-9159-4672-BFF3-BF95DBC0BCAC}.Release|Any CPU.Build.0 = Release|Any CPU
		{DD47D443-972F-43FE-BC6E-54EA60167C3F}.Debug|Any CPU.ActiveCfg = Debug|Any CPU
		{DD47D443-972F-43FE-BC6E-54EA60167C3F}.Debug|Any CPU.Build.0 = Debug|Any CPU
		{DD47D443-972F-43FE-BC6E-54EA60167C3F}.Release|Any CPU.ActiveCfg = Release|Any CPU
		{DD47D443-972F-43FE-BC6E-54EA60167C3F}.Release|Any CPU.Build.0 = Release|Any CPU
	EndGlobalSection
	GlobalSection(SolutionProperties) = preSolution
		HideSolutionNode = FALSE
	EndGlobalSection
	GlobalSection(ExtensibilityGlobals) = postSolution
		SolutionGuid = {7DD95FA8-7AA4-4864-A371-A7F2ADF9C62E}
	EndGlobalSection
EndGlobal
