
Microsoft Visual Studio Solution File, Format Version 12.00
# Visual Studio Version 17
VisualStudioVersion = 17.4.33205.214
MinimumVisualStudioVersion = 10.0.40219.1
Project("{9A19103F-16F7-4668-BE54-9A1E7A4F7556}") = "Ejercicio numero 1", "Ejercicio numero 1\Ejercicio numero 1.csproj", "{79BA3A63-68A2-4137-921E-E05AE10912B0}"
EndProject
Project("{9A19103F-16F7-4668-BE54-9A1E7A4F7556}") = "Ejercicio numero_2", "Ejercicio numero_2\Ejercicio numero_2.csproj", "{02579A7C-A80F-4FFB-953B-4F58AE98BADA}"
EndProject
Project("{9A19103F-16F7-4668-BE54-9A1E7A4F7556}") = "Ejercicio numero_3", "Ejercicio numero_3\Ejercicio numero_3.csproj", "{5C306AC0-3F0A-4988-BC53-589F540F1CAC}"
EndProject
Project("{9A19103F-16F7-4668-BE54-9A1E7A4F7556}") = "Ejercicio numero_4", "Ejercicio numero 4\Ejercicio numero_4.csproj", "{7937E976-EFE5-4A6C-B73E-7CF30C4D122C}"
EndProject
Project("{9A19103F-16F7-4668-BE54-9A1E7A4F7556}") = "Ejercicio_numero_5_Subprogramas", "Ejercicio_numero_5_Subprogramas\Ejercicio_numero_5_Subprogramas.csproj", "{DAED8C24-A1D3-4D5C-A150-EE14AD4CAA06}"
EndProject
Project("{9A19103F-16F7-4668-BE54-9A1E7A4F7556}") = "Ejercicio_numero_8_Recursividad", "Ejercicio_numero_8_Recursividad\Ejercicio_numero_8_Recursividad.csproj", "{03F96A78-403A-401B-8082-6A9569A6A330}"
EndProject
Project("{9A19103F-16F7-4668-BE54-9A1E7A4F7556}") = "Ejercicio numero_7", "Ejercicio numero_7\Ejercicio numero_7.csproj", "{2B5EE1EC-B5FD-446F-A0F4-D6AE81C4922A}"
EndProject
Project("{9A19103F-16F7-4668-BE54-9A1E7A4F7556}") = "Ejercicio numero_6", "Ejercicio numero_6\Ejercicio numero_6.csproj", "{784DDE1B-3EB1-40AB-A749-0D3F0CD9D46F}"
EndProject
Project("{9A19103F-16F7-4668-BE54-9A1E7A4F7556}") = "Ejercicio_numero_9", "Ejercicio_numero_9\Ejercicio_numero_9.csproj", "{57385458-BA92-465D-B382-71C6FF98946A}"
EndProject
Project("{9A19103F-16F7-4668-BE54-9A1E7A4F7556}") = "Ejercicio_numero_10", "Ejercicio_numero_10\Ejercicio_numero_10.csproj", "{7C054254-153A-4962-B8B6-4A8EDBBFAADA}"
EndProject
Project("{9A19103F-16F7-4668-BE54-9A1E7A4F7556}") = "Ejercicio_numero_11", "Ejercicio_numero_11\Ejercicio_numero_11.csproj", "{6300C73E-9809-43C8-BD58-3AFCAF803808}"
EndProject
Project("{FAE04EC0-301F-11D3-BF4B-00C04F79EFBC}") = "Ejercicio_numero_12", "Ejercicio_numero_12\Ejercicio_numero_12.csproj", "{373D8A6C-AAD2-4519-81AF-EEE483D61F76}"
EndProject
Global
	GlobalSection(SolutionConfigurationPlatforms) = preSolution
		Debug|Any CPU = Debug|Any CPU
		Release|Any CPU = Release|Any CPU
	EndGlobalSection
	GlobalSection(ProjectConfigurationPlatforms) = postSolution
		{79BA3A63-68A2-4137-921E-E05AE10912B0}.Debug|Any CPU.ActiveCfg = Debug|Any CPU
		{79BA3A63-68A2-4137-921E-E05AE10912B0}.Debug|Any CPU.Build.0 = Debug|Any CPU
		{79BA3A63-68A2-4137-921E-E05AE10912B0}.Release|Any CPU.ActiveCfg = Release|Any CPU
		{79BA3A63-68A2-4137-921E-E05AE10912B0}.Release|Any CPU.Build.0 = Release|Any CPU
		{02579A7C-A80F-4FFB-953B-4F58AE98BADA}.Debug|Any CPU.ActiveCfg = Debug|Any CPU
		{02579A7C-A80F-4FFB-953B-4F58AE98BADA}.Debug|Any CPU.Build.0 = Debug|Any CPU
		{02579A7C-A80F-4FFB-953B-4F58AE98BADA}.Release|Any CPU.ActiveCfg = Release|Any CPU
		{02579A7C-A80F-4FFB-953B-4F58AE98BADA}.Release|Any CPU.Build.0 = Release|Any CPU
		{5C306AC0-3F0A-4988-BC53-589F540F1CAC}.Debug|Any CPU.ActiveCfg = Debug|Any CPU
		{5C306AC0-3F0A-4988-BC53-589F540F1CAC}.Debug|Any CPU.Build.0 = Debug|Any CPU
		{5C306AC0-3F0A-4988-BC53-589F540F1CAC}.Release|Any CPU.ActiveCfg = Release|Any CPU
		{5C306AC0-3F0A-4988-BC53-589F540F1CAC}.Release|Any CPU.Build.0 = Release|Any CPU
		{7937E976-EFE5-4A6C-B73E-7CF30C4D122C}.Debug|Any CPU.ActiveCfg = Debug|Any CPU
		{7937E976-EFE5-4A6C-B73E-7CF30C4D122C}.Debug|Any CPU.Build.0 = Debug|Any CPU
		{7937E976-EFE5-4A6C-B73E-7CF30C4D122C}.Release|Any CPU.ActiveCfg = Release|Any CPU
		{7937E976-EFE5-4A6C-B73E-7CF30C4D122C}.Release|Any CPU.Build.0 = Release|Any CPU
		{DAED8C24-A1D3-4D5C-A150-EE14AD4CAA06}.Debug|Any CPU.ActiveCfg = Debug|Any CPU
		{DAED8C24-A1D3-4D5C-A150-EE14AD4CAA06}.Debug|Any CPU.Build.0 = Debug|Any CPU
		{DAED8C24-A1D3-4D5C-A150-EE14AD4CAA06}.Release|Any CPU.ActiveCfg = Release|Any CPU
		{DAED8C24-A1D3-4D5C-A150-EE14AD4CAA06}.Release|Any CPU.Build.0 = Release|Any CPU
		{03F96A78-403A-401B-8082-6A9569A6A330}.Debug|Any CPU.ActiveCfg = Debug|Any CPU
		{03F96A78-403A-401B-8082-6A9569A6A330}.Debug|Any CPU.Build.0 = Debug|Any CPU
		{03F96A78-403A-401B-8082-6A9569A6A330}.Release|Any CPU.ActiveCfg = Release|Any CPU
		{03F96A78-403A-401B-8082-6A9569A6A330}.Release|Any CPU.Build.0 = Release|Any CPU
		{2B5EE1EC-B5FD-446F-A0F4-D6AE81C4922A}.Debug|Any CPU.ActiveCfg = Debug|Any CPU
		{2B5EE1EC-B5FD-446F-A0F4-D6AE81C4922A}.Debug|Any CPU.Build.0 = Debug|Any CPU
		{2B5EE1EC-B5FD-446F-A0F4-D6AE81C4922A}.Release|Any CPU.ActiveCfg = Release|Any CPU
		{2B5EE1EC-B5FD-446F-A0F4-D6AE81C4922A}.Release|Any CPU.Build.0 = Release|Any CPU
		{784DDE1B-3EB1-40AB-A749-0D3F0CD9D46F}.Debug|Any CPU.ActiveCfg = Debug|Any CPU
		{784DDE1B-3EB1-40AB-A749-0D3F0CD9D46F}.Debug|Any CPU.Build.0 = Debug|Any CPU
		{784DDE1B-3EB1-40AB-A749-0D3F0CD9D46F}.Release|Any CPU.ActiveCfg = Release|Any CPU
		{784DDE1B-3EB1-40AB-A749-0D3F0CD9D46F}.Release|Any CPU.Build.0 = Release|Any CPU
		{57385458-BA92-465D-B382-71C6FF98946A}.Debug|Any CPU.ActiveCfg = Debug|Any CPU
		{57385458-BA92-465D-B382-71C6FF98946A}.Debug|Any CPU.Build.0 = Debug|Any CPU
		{57385458-BA92-465D-B382-71C6FF98946A}.Release|Any CPU.ActiveCfg = Release|Any CPU
		{57385458-BA92-465D-B382-71C6FF98946A}.Release|Any CPU.Build.0 = Release|Any CPU
		{7C054254-153A-4962-B8B6-4A8EDBBFAADA}.Debug|Any CPU.ActiveCfg = Debug|Any CPU
		{7C054254-153A-4962-B8B6-4A8EDBBFAADA}.Debug|Any CPU.Build.0 = Debug|Any CPU
		{7C054254-153A-4962-B8B6-4A8EDBBFAADA}.Release|Any CPU.ActiveCfg = Release|Any CPU
		{7C054254-153A-4962-B8B6-4A8EDBBFAADA}.Release|Any CPU.Build.0 = Release|Any CPU
		{6300C73E-9809-43C8-BD58-3AFCAF803808}.Debug|Any CPU.ActiveCfg = Debug|Any CPU
		{6300C73E-9809-43C8-BD58-3AFCAF803808}.Debug|Any CPU.Build.0 = Debug|Any CPU
		{6300C73E-9809-43C8-BD58-3AFCAF803808}.Release|Any CPU.ActiveCfg = Release|Any CPU
		{6300C73E-9809-43C8-BD58-3AFCAF803808}.Release|Any CPU.Build.0 = Release|Any CPU
		{373D8A6C-AAD2-4519-81AF-EEE483D61F76}.Debug|Any CPU.ActiveCfg = Debug|Any CPU
		{373D8A6C-AAD2-4519-81AF-EEE483D61F76}.Debug|Any CPU.Build.0 = Debug|Any CPU
		{373D8A6C-AAD2-4519-81AF-EEE483D61F76}.Release|Any CPU.ActiveCfg = Release|Any CPU
		{373D8A6C-AAD2-4519-81AF-EEE483D61F76}.Release|Any CPU.Build.0 = Release|Any CPU
	EndGlobalSection
	GlobalSection(SolutionProperties) = preSolution
		HideSolutionNode = FALSE
	EndGlobalSection
	GlobalSection(ExtensibilityGlobals) = postSolution
		SolutionGuid = {7DD95FA8-7AA4-4864-A371-A7F2ADF9C62E}
	EndGlobalSection
EndGlobal
